
Microsoft Visual Studio Solution File, Format Version 12.00
# Visual Studio Version 16
VisualStudioVersion = 16.0.29418.71
MinimumVisualStudioVersion = 10.0.40219.1
Project("{FAE04EC0-301F-11D3-BF4B-00C04F79EFBC}") = "PayrollGUI", "PayrollGUI.csproj", "{AC1F9010-7318-44CF-8D9D-0C2B61DF5603}"
EndProject
Global
	GlobalSection(SolutionConfigurationPlatforms) = preSolution
		Debug|Any CPU = Debug|Any CPU
		Release|Any CPU = Release|Any CPU
	EndGlobalSection
	GlobalSection(ProjectConfigurationPlatforms) = postSolution
		{AC1F9010-7318-44CF-8D9D-0C2B61DF5603}.Debug|Any CPU.ActiveCfg = Debug|Any CPU
		{AC1F9010-7318-44CF-8D9D-0C2B61DF5603}.Debug|Any CPU.Build.0 = Debug|Any CPU
		{AC1F9010-7318-44CF-8D9D-0C2B61DF5603}.Release|Any CPU.ActiveCfg = Release|Any CPU
		{AC1F9010-7318-44CF-8D9D-0C2B61DF5603}.Release|Any CPU.Build.0 = Release|Any CPU
	EndGlobalSection
	GlobalSection(SolutionProperties) = preSolution
		HideSolutionNode = FALSE
	EndGlobalSection
	GlobalSection(ExtensibilityGlobals) = postSolution
		SolutionGuid = {54DA9CA8-353A-4ECA-B9EC-8D8C7FB3A3B5}
	EndGlobalSection
EndGlobal
